// !$*UTF8*$!
{
	archiveVersion = 1;
	classes = {
	};
	objectVersion = 46;
	objects = {

/* Begin PBXBuildFile section */
		6D9712BF170754B900B50B57 /* UIKit.framework in Frameworks */ = {isa = PBXBuildFile; fileRef = 6D9712BE170754B900B50B57 /* UIKit.framework */; };
		6D9712C1170754B900B50B57 /* Foundation.framework in Frameworks */ = {isa = PBXBuildFile; fileRef = 6D9712C0170754B900B50B57 /* Foundation.framework */; };
		6D9712C3170754B900B50B57 /* CoreGraphics.framework in Frameworks */ = {isa = PBXBuildFile; fileRef = 6D9712C2170754B900B50B57 /* CoreGraphics.framework */; };
		6D9712C9170754B900B50B57 /* InfoPlist.strings in Resources */ = {isa = PBXBuildFile; fileRef = 6D9712C7170754B900B50B57 /* InfoPlist.strings */; };
		6D9712CB170754B900B50B57 /* main.m in Sources */ = {isa = PBXBuildFile; fileRef = 6D9712CA170754B900B50B57 /* main.m */; };
		6D9712CF170754B900B50B57 /* AppDelegate.m in Sources */ = {isa = PBXBuildFile; fileRef = 6D9712CE170754B900B50B57 /* AppDelegate.m */; };
		6D9712D8170754B900B50B57 /* MainStoryboard.storyboard in Resources */ = {isa = PBXBuildFile; fileRef = 6D9712D6170754B900B50B57 /* MainStoryboard.storyboard */; };
		6D9712DB170754B900B50B57 /* ViewController.m in Sources */ = {isa = PBXBuildFile; fileRef = 6D9712DA170754B900B50B57 /* ViewController.m */; };
		6D9712E2170754DE00B50B57 /* Parse.framework in Frameworks */ = {isa = PBXBuildFile; fileRef = 6D9712E1170754DE00B50B57 /* Parse.framework */; };
		6D9712E4170754F200B50B57 /* Rdio.framework in Frameworks */ = {isa = PBXBuildFile; fileRef = 6D9712E3170754F200B50B57 /* Rdio.framework */; };
		6D9712E61707550000B50B57 /* FacebookSDK.framework in Frameworks */ = {isa = PBXBuildFile; fileRef = 6D9712E51707550000B50B57 /* FacebookSDK.framework */; };
		6D9712F41707555800B50B57 /* Accounts.framework in Frameworks */ = {isa = PBXBuildFile; fileRef = 6D9712E71707555800B50B57 /* Accounts.framework */; };
		6D9712F51707555800B50B57 /* AdSupport.framework in Frameworks */ = {isa = PBXBuildFile; fileRef = 6D9712E81707555800B50B57 /* AdSupport.framework */; };
		6D9712F61707555800B50B57 /* AudioToolbox.framework in Frameworks */ = {isa = PBXBuildFile; fileRef = 6D9712E91707555800B50B57 /* AudioToolbox.framework */; };
		6D9712F71707555800B50B57 /* CFNetwork.framework in Frameworks */ = {isa = PBXBuildFile; fileRef = 6D9712EA1707555800B50B57 /* CFNetwork.framework */; };
		6D9712F81707555800B50B57 /* CoreLocation.framework in Frameworks */ = {isa = PBXBuildFile; fileRef = 6D9712EB1707555800B50B57 /* CoreLocation.framework */; };
		6D9712F91707555800B50B57 /* libsqlite3.0.dylib in Frameworks */ = {isa = PBXBuildFile; fileRef = 6D9712EC1707555800B50B57 /* libsqlite3.0.dylib */; };
		6D9712FA1707555800B50B57 /* libz.1.1.3.dylib in Frameworks */ = {isa = PBXBuildFile; fileRef = 6D9712ED1707555800B50B57 /* libz.1.1.3.dylib */; };
		6D9712FB1707555800B50B57 /* MobileCoreServices.framework in Frameworks */ = {isa = PBXBuildFile; fileRef = 6D9712EE1707555800B50B57 /* MobileCoreServices.framework */; };
		6D9712FC1707555800B50B57 /* QuartzCore.framework in Frameworks */ = {isa = PBXBuildFile; fileRef = 6D9712EF1707555800B50B57 /* QuartzCore.framework */; };
		6D9712FD1707555800B50B57 /* Security.framework in Frameworks */ = {isa = PBXBuildFile; fileRef = 6D9712F01707555800B50B57 /* Security.framework */; };
		6D9712FE1707555800B50B57 /* Social.framework in Frameworks */ = {isa = PBXBuildFile; fileRef = 6D9712F11707555800B50B57 /* Social.framework */; };
		6D9712FF1707555800B50B57 /* StoreKit.framework in Frameworks */ = {isa = PBXBuildFile; fileRef = 6D9712F21707555800B50B57 /* StoreKit.framework */; };
		6D9713001707555800B50B57 /* SystemConfiguration.framework in Frameworks */ = {isa = PBXBuildFile; fileRef = 6D9712F31707555800B50B57 /* SystemConfiguration.framework */; };
		6D97130217075A2100B50B57 /* Default.png in Resources */ = {isa = PBXBuildFile; fileRef = 6D97130117075A2100B50B57 /* Default.png */; };
		6D97130417075A2300B50B57 /* Default@2x.png in Resources */ = {isa = PBXBuildFile; fileRef = 6D97130317075A2300B50B57 /* Default@2x.png */; };
		6D97130617075A2900B50B57 /* Default-568h@2x.png in Resources */ = {isa = PBXBuildFile; fileRef = 6D97130517075A2900B50B57 /* Default-568h@2x.png */; };
		6D97130A17075A4A00B50B57 /* launchBackground.png in Resources */ = {isa = PBXBuildFile; fileRef = 6D97130817075A4A00B50B57 /* launchBackground.png */; };
		6D97130B17075A4A00B50B57 /* launchBackground@2x.png in Resources */ = {isa = PBXBuildFile; fileRef = 6D97130917075A4A00B50B57 /* launchBackground@2x.png */; };
		6D97130E17075A5500B50B57 /* loginButton.png in Resources */ = {isa = PBXBuildFile; fileRef = 6D97130C17075A5500B50B57 /* loginButton.png */; };
		6D97130F17075A5500B50B57 /* loginButton@2x.png in Resources */ = {isa = PBXBuildFile; fileRef = 6D97130D17075A5500B50B57 /* loginButton@2x.png */; };
		6D97131217075DFA00B50B57 /* LocalPlaysTableViewController.m in Sources */ = {isa = PBXBuildFile; fileRef = 6D97131117075DF900B50B57 /* LocalPlaysTableViewController.m */; };
		6D9713171707671A00B50B57 /* headerBackground.png in Resources */ = {isa = PBXBuildFile; fileRef = 6D9713131707671A00B50B57 /* headerBackground.png */; };
		6D9713181707671A00B50B57 /* headerBackground@2x.png in Resources */ = {isa = PBXBuildFile; fileRef = 6D9713141707671A00B50B57 /* headerBackground@2x.png */; };
		6D9713191707671A00B50B57 /* searchButton.png in Resources */ = {isa = PBXBuildFile; fileRef = 6D9713151707671A00B50B57 /* searchButton.png */; };
		6D97131A1707671A00B50B57 /* searchButton@2x.png in Resources */ = {isa = PBXBuildFile; fileRef = 6D9713161707671A00B50B57 /* searchButton@2x.png */; };
		6D97131D17076AB600B50B57 /* RdioSearchResultsTableViewController.m in Sources */ = {isa = PBXBuildFile; fileRef = 6D97131C17076AB600B50B57 /* RdioSearchResultsTableViewController.m */; };
		6D9713341707801000B50B57 /* MKAnnotationView+WebCache.m in Sources */ = {isa = PBXBuildFile; fileRef = 6D9713201707801000B50B57 /* MKAnnotationView+WebCache.m */; };
		6D9713351707801000B50B57 /* SDImageCache.m in Sources */ = {isa = PBXBuildFile; fileRef = 6D9713221707801000B50B57 /* SDImageCache.m */; };
		6D9713361707801000B50B57 /* SDWebImageCompat.m in Sources */ = {isa = PBXBuildFile; fileRef = 6D9713241707801000B50B57 /* SDWebImageCompat.m */; };
		6D9713371707801000B50B57 /* SDWebImageDecoder.m in Sources */ = {isa = PBXBuildFile; fileRef = 6D9713261707801000B50B57 /* SDWebImageDecoder.m */; };
		6D9713381707801000B50B57 /* SDWebImageDownloader.m in Sources */ = {isa = PBXBuildFile; fileRef = 6D9713281707801000B50B57 /* SDWebImageDownloader.m */; };
		6D9713391707801000B50B57 /* SDWebImageDownloaderOperation.m in Sources */ = {isa = PBXBuildFile; fileRef = 6D97132A1707801000B50B57 /* SDWebImageDownloaderOperation.m */; };
		6D97133A1707801000B50B57 /* SDWebImageManager.m in Sources */ = {isa = PBXBuildFile; fileRef = 6D97132C1707801000B50B57 /* SDWebImageManager.m */; };
		6D97133B1707801000B50B57 /* SDWebImagePrefetcher.m in Sources */ = {isa = PBXBuildFile; fileRef = 6D97132F1707801000B50B57 /* SDWebImagePrefetcher.m */; };
		6D97133C1707801000B50B57 /* UIButton+WebCache.m in Sources */ = {isa = PBXBuildFile; fileRef = 6D9713311707801000B50B57 /* UIButton+WebCache.m */; };
		6D97133D1707801000B50B57 /* UIImageView+WebCache.m in Sources */ = {isa = PBXBuildFile; fileRef = 6D9713331707801000B50B57 /* UIImageView+WebCache.m */; };
		6D971340170780F100B50B57 /* ImageIO.framework in Frameworks */ = {isa = PBXBuildFile; fileRef = 6D97133E170780F100B50B57 /* ImageIO.framework */; };
		6D971341170780F100B50B57 /* MapKit.framework in Frameworks */ = {isa = PBXBuildFile; fileRef = 6D97133F170780F100B50B57 /* MapKit.framework */; };
		6D97134A17078A6900B50B57 /* libMBProgressHUD.a in Frameworks */ = {isa = PBXBuildFile; fileRef = 6D97134917078A5000B50B57 /* libMBProgressHUD.a */; };
		6D97134D17078C3300B50B57 /* resultsHeader.png in Resources */ = {isa = PBXBuildFile; fileRef = 6D97134B17078C3300B50B57 /* resultsHeader.png */; };
		6D97134E17078C3300B50B57 /* resultsHeader@2x.png in Resources */ = {isa = PBXBuildFile; fileRef = 6D97134C17078C3300B50B57 /* resultsHeader@2x.png */; };
		6D9713511707A25800B50B57 /* cellBg.png in Resources */ = {isa = PBXBuildFile; fileRef = 6D97134F1707A25800B50B57 /* cellBg.png */; };
		6D9713521707A25800B50B57 /* cellBg@2x.png in Resources */ = {isa = PBXBuildFile; fileRef = 6D9713501707A25800B50B57 /* cellBg@2x.png */; };
		6D9713541707A67C00B50B57 /* icon.png in Resources */ = {isa = PBXBuildFile; fileRef = 6D9713531707A67C00B50B57 /* icon.png */; };
		6D9713561707A67F00B50B57 /* icon@2x.png in Resources */ = {isa = PBXBuildFile; fileRef = 6D9713551707A67F00B50B57 /* icon@2x.png */; };
/* End PBXBuildFile section */

/* Begin PBXContainerItemProxy section */
		6D97134817078A5000B50B57 /* PBXContainerItemProxy */ = {
			isa = PBXContainerItemProxy;
			containerPortal = 6D97134417078A5000B50B57 /* MBProgressHUD.xcodeproj */;
			proxyType = 2;
			remoteGlobalIDString = D286A7491518C70F00E13FB8;
			remoteInfo = MBProgressHUD;
		};
/* End PBXContainerItemProxy section */

/* Begin PBXFileReference section */
		6D9712BB170754B900B50B57 /* Local Plays for Rdio®.app */ = {isa = PBXFileReference; explicitFileType = wrapper.application; includeInIndex = 0; path = "Local Plays for Rdio®.app"; sourceTree = BUILT_PRODUCTS_DIR; };
		6D9712BE170754B900B50B57 /* UIKit.framework */ = {isa = PBXFileReference; lastKnownFileType = wrapper.framework; name = UIKit.framework; path = System/Library/Frameworks/UIKit.framework; sourceTree = SDKROOT; };
		6D9712C0170754B900B50B57 /* Foundation.framework */ = {isa = PBXFileReference; lastKnownFileType = wrapper.framework; name = Foundation.framework; path = System/Library/Frameworks/Foundation.framework; sourceTree = SDKROOT; };
		6D9712C2170754B900B50B57 /* CoreGraphics.framework */ = {isa = PBXFileReference; lastKnownFileType = wrapper.framework; name = CoreGraphics.framework; path = System/Library/Frameworks/CoreGraphics.framework; sourceTree = SDKROOT; };
		6D9712C6170754B900B50B57 /* Local Plays for Rdio®-Info.plist */ = {isa = PBXFileReference; lastKnownFileType = text.plist.xml; path = "Local Plays for Rdio®-Info.plist"; sourceTree = "<group>"; };
		6D9712C8170754B900B50B57 /* en */ = {isa = PBXFileReference; lastKnownFileType = text.plist.strings; name = en; path = en.lproj/InfoPlist.strings; sourceTree = "<group>"; };
		6D9712CA170754B900B50B57 /* main.m */ = {isa = PBXFileReference; lastKnownFileType = sourcecode.c.objc; path = main.m; sourceTree = "<group>"; };
		6D9712CC170754B900B50B57 /* Local Plays for Rdio®-Prefix.pch */ = {isa = PBXFileReference; lastKnownFileType = sourcecode.c.h; path = "Local Plays for Rdio®-Prefix.pch"; sourceTree = "<group>"; };
		6D9712CD170754B900B50B57 /* AppDelegate.h */ = {isa = PBXFileReference; lastKnownFileType = sourcecode.c.h; path = AppDelegate.h; sourceTree = "<group>"; };
		6D9712CE170754B900B50B57 /* AppDelegate.m */ = {isa = PBXFileReference; lastKnownFileType = sourcecode.c.objc; path = AppDelegate.m; sourceTree = "<group>"; };
		6D9712D7170754B900B50B57 /* en */ = {isa = PBXFileReference; lastKnownFileType = file.storyboard; name = en; path = en.lproj/MainStoryboard.storyboard; sourceTree = "<group>"; };
		6D9712D9170754B900B50B57 /* ViewController.h */ = {isa = PBXFileReference; lastKnownFileType = sourcecode.c.h; path = ViewController.h; sourceTree = "<group>"; };
		6D9712DA170754B900B50B57 /* ViewController.m */ = {isa = PBXFileReference; lastKnownFileType = sourcecode.c.objc; path = ViewController.m; sourceTree = "<group>"; };
		6D9712E1170754DE00B50B57 /* Parse.framework */ = {isa = PBXFileReference; lastKnownFileType = wrapper.framework; path = Parse.framework; sourceTree = "<group>"; };
		6D9712E3170754F200B50B57 /* Rdio.framework */ = {isa = PBXFileReference; lastKnownFileType = wrapper.framework; path = Rdio.framework; sourceTree = "<group>"; };
		6D9712E51707550000B50B57 /* FacebookSDK.framework */ = {isa = PBXFileReference; lastKnownFileType = wrapper.framework; path = FacebookSDK.framework; sourceTree = "<group>"; };
		6D9712E71707555800B50B57 /* Accounts.framework */ = {isa = PBXFileReference; lastKnownFileType = wrapper.framework; name = Accounts.framework; path = System/Library/Frameworks/Accounts.framework; sourceTree = SDKROOT; };
		6D9712E81707555800B50B57 /* AdSupport.framework */ = {isa = PBXFileReference; lastKnownFileType = wrapper.framework; name = AdSupport.framework; path = System/Library/Frameworks/AdSupport.framework; sourceTree = SDKROOT; };
		6D9712E91707555800B50B57 /* AudioToolbox.framework */ = {isa = PBXFileReference; lastKnownFileType = wrapper.framework; name = AudioToolbox.framework; path = System/Library/Frameworks/AudioToolbox.framework; sourceTree = SDKROOT; };
		6D9712EA1707555800B50B57 /* CFNetwork.framework */ = {isa = PBXFileReference; lastKnownFileType = wrapper.framework; name = CFNetwork.framework; path = System/Library/Frameworks/CFNetwork.framework; sourceTree = SDKROOT; };
		6D9712EB1707555800B50B57 /* CoreLocation.framework */ = {isa = PBXFileReference; lastKnownFileType = wrapper.framework; name = CoreLocation.framework; path = System/Library/Frameworks/CoreLocation.framework; sourceTree = SDKROOT; };
		6D9712EC1707555800B50B57 /* libsqlite3.0.dylib */ = {isa = PBXFileReference; lastKnownFileType = "compiled.mach-o.dylib"; name = libsqlite3.0.dylib; path = usr/lib/libsqlite3.0.dylib; sourceTree = SDKROOT; };
		6D9712ED1707555800B50B57 /* libz.1.1.3.dylib */ = {isa = PBXFileReference; lastKnownFileType = "compiled.mach-o.dylib"; name = libz.1.1.3.dylib; path = usr/lib/libz.1.1.3.dylib; sourceTree = SDKROOT; };
		6D9712EE1707555800B50B57 /* MobileCoreServices.framework */ = {isa = PBXFileReference; lastKnownFileType = wrapper.framework; name = MobileCoreServices.framework; path = System/Library/Frameworks/MobileCoreServices.framework; sourceTree = SDKROOT; };
		6D9712EF1707555800B50B57 /* QuartzCore.framework */ = {isa = PBXFileReference; lastKnownFileType = wrapper.framework; name = QuartzCore.framework; path = System/Library/Frameworks/QuartzCore.framework; sourceTree = SDKROOT; };
		6D9712F01707555800B50B57 /* Security.framework */ = {isa = PBXFileReference; lastKnownFileType = wrapper.framework; name = Security.framework; path = System/Library/Frameworks/Security.framework; sourceTree = SDKROOT; };
		6D9712F11707555800B50B57 /* Social.framework */ = {isa = PBXFileReference; lastKnownFileType = wrapper.framework; name = Social.framework; path = System/Library/Frameworks/Social.framework; sourceTree = SDKROOT; };
		6D9712F21707555800B50B57 /* StoreKit.framework */ = {isa = PBXFileReference; lastKnownFileType = wrapper.framework; name = StoreKit.framework; path = System/Library/Frameworks/StoreKit.framework; sourceTree = SDKROOT; };
		6D9712F31707555800B50B57 /* SystemConfiguration.framework */ = {isa = PBXFileReference; lastKnownFileType = wrapper.framework; name = SystemConfiguration.framework; path = System/Library/Frameworks/SystemConfiguration.framework; sourceTree = SDKROOT; };
		6D97130117075A2100B50B57 /* Default.png */ = {isa = PBXFileReference; lastKnownFileType = image.png; name = Default.png; path = ../Default.png; sourceTree = "<group>"; };
		6D97130317075A2300B50B57 /* Default@2x.png */ = {isa = PBXFileReference; lastKnownFileType = image.png; name = "Default@2x.png"; path = "../Default@2x.png"; sourceTree = "<group>"; };
		6D97130517075A2900B50B57 /* Default-568h@2x.png */ = {isa = PBXFileReference; lastKnownFileType = image.png; name = "Default-568h@2x.png"; path = "../Default-568h@2x.png"; sourceTree = "<group>"; };
		6D97130817075A4A00B50B57 /* launchBackground.png */ = {isa = PBXFileReference; lastKnownFileType = image.png; path = launchBackground.png; sourceTree = "<group>"; };
		6D97130917075A4A00B50B57 /* launchBackground@2x.png */ = {isa = PBXFileReference; lastKnownFileType = image.png; path = "launchBackground@2x.png"; sourceTree = "<group>"; };
		6D97130C17075A5500B50B57 /* loginButton.png */ = {isa = PBXFileReference; lastKnownFileType = image.png; path = loginButton.png; sourceTree = "<group>"; };
		6D97130D17075A5500B50B57 /* loginButton@2x.png */ = {isa = PBXFileReference; lastKnownFileType = image.png; path = "loginButton@2x.png"; sourceTree = "<group>"; };
		6D97131017075DF900B50B57 /* LocalPlaysTableViewController.h */ = {isa = PBXFileReference; fileEncoding = 4; lastKnownFileType = sourcecode.c.h; path = LocalPlaysTableViewController.h; sourceTree = "<group>"; };
		6D97131117075DF900B50B57 /* LocalPlaysTableViewController.m */ = {isa = PBXFileReference; fileEncoding = 4; lastKnownFileType = sourcecode.c.objc; path = LocalPlaysTableViewController.m; sourceTree = "<group>"; };
		6D9713131707671A00B50B57 /* headerBackground.png */ = {isa = PBXFileReference; lastKnownFileType = image.png; path = headerBackground.png; sourceTree = "<group>"; };
		6D9713141707671A00B50B57 /* headerBackground@2x.png */ = {isa = PBXFileReference; lastKnownFileType = image.png; path = "headerBackground@2x.png"; sourceTree = "<group>"; };
		6D9713151707671A00B50B57 /* searchButton.png */ = {isa = PBXFileReference; lastKnownFileType = image.png; path = searchButton.png; sourceTree = "<group>"; };
		6D9713161707671A00B50B57 /* searchButton@2x.png */ = {isa = PBXFileReference; lastKnownFileType = image.png; path = "searchButton@2x.png"; sourceTree = "<group>"; };
		6D97131B17076AB600B50B57 /* RdioSearchResultsTableViewController.h */ = {isa = PBXFileReference; fileEncoding = 4; lastKnownFileType = sourcecode.c.h; path = RdioSearchResultsTableViewController.h; sourceTree = "<group>"; };
		6D97131C17076AB600B50B57 /* RdioSearchResultsTableViewController.m */ = {isa = PBXFileReference; fileEncoding = 4; lastKnownFileType = sourcecode.c.objc; path = RdioSearchResultsTableViewController.m; sourceTree = "<group>"; };
		6D97131F1707801000B50B57 /* MKAnnotationView+WebCache.h */ = {isa = PBXFileReference; fileEncoding = 4; lastKnownFileType = sourcecode.c.h; path = "MKAnnotationView+WebCache.h"; sourceTree = "<group>"; };
		6D9713201707801000B50B57 /* MKAnnotationView+WebCache.m */ = {isa = PBXFileReference; fileEncoding = 4; lastKnownFileType = sourcecode.c.objc; path = "MKAnnotationView+WebCache.m"; sourceTree = "<group>"; };
		6D9713211707801000B50B57 /* SDImageCache.h */ = {isa = PBXFileReference; fileEncoding = 4; lastKnownFileType = sourcecode.c.h; path = SDImageCache.h; sourceTree = "<group>"; };
		6D9713221707801000B50B57 /* SDImageCache.m */ = {isa = PBXFileReference; fileEncoding = 4; lastKnownFileType = sourcecode.c.objc; path = SDImageCache.m; sourceTree = "<group>"; };
		6D9713231707801000B50B57 /* SDWebImageCompat.h */ = {isa = PBXFileReference; fileEncoding = 4; lastKnownFileType = sourcecode.c.h; path = SDWebImageCompat.h; sourceTree = "<group>"; };
		6D9713241707801000B50B57 /* SDWebImageCompat.m */ = {isa = PBXFileReference; fileEncoding = 4; lastKnownFileType = sourcecode.c.objc; path = SDWebImageCompat.m; sourceTree = "<group>"; };
		6D9713251707801000B50B57 /* SDWebImageDecoder.h */ = {isa = PBXFileReference; fileEncoding = 4; lastKnownFileType = sourcecode.c.h; path = SDWebImageDecoder.h; sourceTree = "<group>"; };
		6D9713261707801000B50B57 /* SDWebImageDecoder.m */ = {isa = PBXFileReference; fileEncoding = 4; lastKnownFileType = sourcecode.c.objc; path = SDWebImageDecoder.m; sourceTree = "<group>"; };
		6D9713271707801000B50B57 /* SDWebImageDownloader.h */ = {isa = PBXFileReference; fileEncoding = 4; lastKnownFileType = sourcecode.c.h; path = SDWebImageDownloader.h; sourceTree = "<group>"; };
		6D9713281707801000B50B57 /* SDWebImageDownloader.m */ = {isa = PBXFileReference; fileEncoding = 4; lastKnownFileType = sourcecode.c.objc; path = SDWebImageDownloader.m; sourceTree = "<group>"; };
		6D9713291707801000B50B57 /* SDWebImageDownloaderOperation.h */ = {isa = PBXFileReference; fileEncoding = 4; lastKnownFileType = sourcecode.c.h; path = SDWebImageDownloaderOperation.h; sourceTree = "<group>"; };
		6D97132A1707801000B50B57 /* SDWebImageDownloaderOperation.m */ = {isa = PBXFileReference; fileEncoding = 4; lastKnownFileType = sourcecode.c.objc; path = SDWebImageDownloaderOperation.m; sourceTree = "<group>"; };
		6D97132B1707801000B50B57 /* SDWebImageManager.h */ = {isa = PBXFileReference; fileEncoding = 4; lastKnownFileType = sourcecode.c.h; path = SDWebImageManager.h; sourceTree = "<group>"; };
		6D97132C1707801000B50B57 /* SDWebImageManager.m */ = {isa = PBXFileReference; fileEncoding = 4; lastKnownFileType = sourcecode.c.objc; path = SDWebImageManager.m; sourceTree = "<group>"; };
		6D97132D1707801000B50B57 /* SDWebImageOperation.h */ = {isa = PBXFileReference; fileEncoding = 4; lastKnownFileType = sourcecode.c.h; path = SDWebImageOperation.h; sourceTree = "<group>"; };
		6D97132E1707801000B50B57 /* SDWebImagePrefetcher.h */ = {isa = PBXFileReference; fileEncoding = 4; lastKnownFileType = sourcecode.c.h; path = SDWebImagePrefetcher.h; sourceTree = "<group>"; };
		6D97132F1707801000B50B57 /* SDWebImagePrefetcher.m */ = {isa = PBXFileReference; fileEncoding = 4; lastKnownFileType = sourcecode.c.objc; path = SDWebImagePrefetcher.m; sourceTree = "<group>"; };
		6D9713301707801000B50B57 /* UIButton+WebCache.h */ = {isa = PBXFileReference; fileEncoding = 4; lastKnownFileType = sourcecode.c.h; path = "UIButton+WebCache.h"; sourceTree = "<group>"; };
		6D9713311707801000B50B57 /* UIButton+WebCache.m */ = {isa = PBXFileReference; fileEncoding = 4; lastKnownFileType = sourcecode.c.objc; path = "UIButton+WebCache.m"; sourceTree = "<group>"; };
		6D9713321707801000B50B57 /* UIImageView+WebCache.h */ = {isa = PBXFileReference; fileEncoding = 4; lastKnownFileType = sourcecode.c.h; path = "UIImageView+WebCache.h"; sourceTree = "<group>"; };
		6D9713331707801000B50B57 /* UIImageView+WebCache.m */ = {isa = PBXFileReference; fileEncoding = 4; lastKnownFileType = sourcecode.c.objc; path = "UIImageView+WebCache.m"; sourceTree = "<group>"; };
		6D97133E170780F100B50B57 /* ImageIO.framework */ = {isa = PBXFileReference; lastKnownFileType = wrapper.framework; name = ImageIO.framework; path = System/Library/Frameworks/ImageIO.framework; sourceTree = SDKROOT; };
		6D97133F170780F100B50B57 /* MapKit.framework */ = {isa = PBXFileReference; lastKnownFileType = wrapper.framework; name = MapKit.framework; path = System/Library/Frameworks/MapKit.framework; sourceTree = SDKROOT; };
		6D97134417078A5000B50B57 /* MBProgressHUD.xcodeproj */ = {isa = PBXFileReference; lastKnownFileType = "wrapper.pb-project"; name = MBProgressHUD.xcodeproj; path = ../MBProgressHUD/MBProgressHUD.xcodeproj; sourceTree = "<group>"; };
		6D97134B17078C3300B50B57 /* resultsHeader.png */ = {isa = PBXFileReference; lastKnownFileType = image.png; path = resultsHeader.png; sourceTree = "<group>"; };
		6D97134C17078C3300B50B57 /* resultsHeader@2x.png */ = {isa = PBXFileReference; lastKnownFileType = image.png; path = "resultsHeader@2x.png"; sourceTree = "<group>"; };
		6D97134F1707A25800B50B57 /* cellBg.png */ = {isa = PBXFileReference; lastKnownFileType = image.png; path = cellBg.png; sourceTree = "<group>"; };
		6D9713501707A25800B50B57 /* cellBg@2x.png */ = {isa = PBXFileReference; lastKnownFileType = image.png; path = "cellBg@2x.png"; sourceTree = "<group>"; };
		6D9713531707A67C00B50B57 /* icon.png */ = {isa = PBXFileReference; lastKnownFileType = image.png; name = icon.png; path = ../icon.png; sourceTree = "<group>"; };
		6D9713551707A67F00B50B57 /* icon@2x.png */ = {isa = PBXFileReference; lastKnownFileType = image.png; name = "icon@2x.png"; path = "../icon@2x.png"; sourceTree = "<group>"; };
/* End PBXFileReference section */

/* Begin PBXFrameworksBuildPhase section */
		6D9712B8170754B900B50B57 /* Frameworks */ = {
			isa = PBXFrameworksBuildPhase;
			buildActionMask = 2147483647;
			files = (
				6D97134A17078A6900B50B57 /* libMBProgressHUD.a in Frameworks */,
				6D971340170780F100B50B57 /* ImageIO.framework in Frameworks */,
				6D971341170780F100B50B57 /* MapKit.framework in Frameworks */,
				6D9712F41707555800B50B57 /* Accounts.framework in Frameworks */,
				6D9712F51707555800B50B57 /* AdSupport.framework in Frameworks */,
				6D9712F61707555800B50B57 /* AudioToolbox.framework in Frameworks */,
				6D9712F71707555800B50B57 /* CFNetwork.framework in Frameworks */,
				6D9712F81707555800B50B57 /* CoreLocation.framework in Frameworks */,
				6D9712F91707555800B50B57 /* libsqlite3.0.dylib in Frameworks */,
				6D9712FA1707555800B50B57 /* libz.1.1.3.dylib in Frameworks */,
				6D9712FB1707555800B50B57 /* MobileCoreServices.framework in Frameworks */,
				6D9712FC1707555800B50B57 /* QuartzCore.framework in Frameworks */,
				6D9712FD1707555800B50B57 /* Security.framework in Frameworks */,
				6D9712FE1707555800B50B57 /* Social.framework in Frameworks */,
				6D9712FF1707555800B50B57 /* StoreKit.framework in Frameworks */,
				6D9713001707555800B50B57 /* SystemConfiguration.framework in Frameworks */,
				6D9712C3170754B900B50B57 /* CoreGraphics.framework in Frameworks */,
				6D9712BF170754B900B50B57 /* UIKit.framework in Frameworks */,
				6D9712C1170754B900B50B57 /* Foundation.framework in Frameworks */,
				6D9712E2170754DE00B50B57 /* Parse.framework in Frameworks */,
				6D9712E4170754F200B50B57 /* Rdio.framework in Frameworks */,
				6D9712E61707550000B50B57 /* FacebookSDK.framework in Frameworks */,
			);
			runOnlyForDeploymentPostprocessing = 0;
		};
/* End PBXFrameworksBuildPhase section */

/* Begin PBXGroup section */
		6D9712B2170754B900B50B57 = {
			isa = PBXGroup;
			children = (
				6D97134417078A5000B50B57 /* MBProgressHUD.xcodeproj */,
				6D9712C4170754B900B50B57 /* Local Plays for Rdio® */,
				6D9712BD170754B900B50B57 /* Frameworks */,
				6D9712BC170754B900B50B57 /* Products */,
			);
			sourceTree = "<group>";
		};
		6D9712BC170754B900B50B57 /* Products */ = {
			isa = PBXGroup;
			children = (
				6D9712BB170754B900B50B57 /* Local Plays for Rdio®.app */,
			);
			name = Products;
			sourceTree = "<group>";
		};
		6D9712BD170754B900B50B57 /* Frameworks */ = {
			isa = PBXGroup;
			children = (
				6D97133E170780F100B50B57 /* ImageIO.framework */,
				6D97133F170780F100B50B57 /* MapKit.framework */,
				6D97131E1707801000B50B57 /* SDWebImage */,
				6D9712E71707555800B50B57 /* Accounts.framework */,
				6D9712E81707555800B50B57 /* AdSupport.framework */,
				6D9712E91707555800B50B57 /* AudioToolbox.framework */,
				6D9712EA1707555800B50B57 /* CFNetwork.framework */,
				6D9712EB1707555800B50B57 /* CoreLocation.framework */,
				6D9712EC1707555800B50B57 /* libsqlite3.0.dylib */,
				6D9712ED1707555800B50B57 /* libz.1.1.3.dylib */,
				6D9712EE1707555800B50B57 /* MobileCoreServices.framework */,
				6D9712EF1707555800B50B57 /* QuartzCore.framework */,
				6D9712F01707555800B50B57 /* Security.framework */,
				6D9712F11707555800B50B57 /* Social.framework */,
				6D9712F21707555800B50B57 /* StoreKit.framework */,
				6D9712F31707555800B50B57 /* SystemConfiguration.framework */,
				6D9712E51707550000B50B57 /* FacebookSDK.framework */,
				6D9712E3170754F200B50B57 /* Rdio.framework */,
				6D9712E1170754DE00B50B57 /* Parse.framework */,
				6D9712BE170754B900B50B57 /* UIKit.framework */,
				6D9712C0170754B900B50B57 /* Foundation.framework */,
				6D9712C2170754B900B50B57 /* CoreGraphics.framework */,
			);
			name = Frameworks;
			sourceTree = "<group>";
		};
		6D9712C4170754B900B50B57 /* Local Plays for Rdio® */ = {
			isa = PBXGroup;
			children = (
				6D9712CD170754B900B50B57 /* AppDelegate.h */,
				6D9712CE170754B900B50B57 /* AppDelegate.m */,
				6D9712D6170754B900B50B57 /* MainStoryboard.storyboard */,
				6D9712D9170754B900B50B57 /* ViewController.h */,
				6D9712DA170754B900B50B57 /* ViewController.m */,
				6D97131017075DF900B50B57 /* LocalPlaysTableViewController.h */,
				6D97131117075DF900B50B57 /* LocalPlaysTableViewController.m */,
				6D97131B17076AB600B50B57 /* RdioSearchResultsTableViewController.h */,
				6D97131C17076AB600B50B57 /* RdioSearchResultsTableViewController.m */,
				6D9712C5170754B900B50B57 /* Supporting Files */,
			);
			path = "Local Plays for Rdio®";
			sourceTree = "<group>";
		};
		6D9712C5170754B900B50B57 /* Supporting Files */ = {
			isa = PBXGroup;
			children = (
				6D97130717075A3300B50B57 /* Graphics */,
				6D9712C6170754B900B50B57 /* Local Plays for Rdio®-Info.plist */,
				6D9712C7170754B900B50B57 /* InfoPlist.strings */,
				6D9712CA170754B900B50B57 /* main.m */,
				6D9712CC170754B900B50B57 /* Local Plays for Rdio®-Prefix.pch */,
			);
			name = "Supporting Files";
			sourceTree = "<group>";
		};
		6D97130717075A3300B50B57 /* Graphics */ = {
			isa = PBXGroup;
			children = (
				6D9713551707A67F00B50B57 /* icon@2x.png */,
				6D9713531707A67C00B50B57 /* icon.png */,
				6D97134F1707A25800B50B57 /* cellBg.png */,
				6D9713501707A25800B50B57 /* cellBg@2x.png */,
				6D97134B17078C3300B50B57 /* resultsHeader.png */,
				6D97134C17078C3300B50B57 /* resultsHeader@2x.png */,
				6D9713131707671A00B50B57 /* headerBackground.png */,
				6D9713141707671A00B50B57 /* headerBackground@2x.png */,
				6D9713151707671A00B50B57 /* searchButton.png */,
				6D9713161707671A00B50B57 /* searchButton@2x.png */,
				6D97130C17075A5500B50B57 /* loginButton.png */,
				6D97130D17075A5500B50B57 /* loginButton@2x.png */,
				6D97130817075A4A00B50B57 /* launchBackground.png */,
				6D97130917075A4A00B50B57 /* launchBackground@2x.png */,
				6D97130517075A2900B50B57 /* Default-568h@2x.png */,
				6D97130317075A2300B50B57 /* Default@2x.png */,
				6D97130117075A2100B50B57 /* Default.png */,
			);
			name = Graphics;
			sourceTree = "<group>";
		};
		6D97131E1707801000B50B57 /* SDWebImage */ = {
			isa = PBXGroup;
			children = (
				6D97131F1707801000B50B57 /* MKAnnotationView+WebCache.h */,
				6D9713201707801000B50B57 /* MKAnnotationView+WebCache.m */,
				6D9713211707801000B50B57 /* SDImageCache.h */,
				6D9713221707801000B50B57 /* SDImageCache.m */,
				6D9713231707801000B50B57 /* SDWebImageCompat.h */,
				6D9713241707801000B50B57 /* SDWebImageCompat.m */,
				6D9713251707801000B50B57 /* SDWebImageDecoder.h */,
				6D9713261707801000B50B57 /* SDWebImageDecoder.m */,
				6D9713271707801000B50B57 /* SDWebImageDownloader.h */,
				6D9713281707801000B50B57 /* SDWebImageDownloader.m */,
				6D9713291707801000B50B57 /* SDWebImageDownloaderOperation.h */,
				6D97132A1707801000B50B57 /* SDWebImageDownloaderOperation.m */,
				6D97132B1707801000B50B57 /* SDWebImageManager.h */,
				6D97132C1707801000B50B57 /* SDWebImageManager.m */,
				6D97132D1707801000B50B57 /* SDWebImageOperation.h */,
				6D97132E1707801000B50B57 /* SDWebImagePrefetcher.h */,
				6D97132F1707801000B50B57 /* SDWebImagePrefetcher.m */,
				6D9713301707801000B50B57 /* UIButton+WebCache.h */,
				6D9713311707801000B50B57 /* UIButton+WebCache.m */,
				6D9713321707801000B50B57 /* UIImageView+WebCache.h */,
				6D9713331707801000B50B57 /* UIImageView+WebCache.m */,
			);
			path = SDWebImage;
			sourceTree = "<group>";
		};
		6D97134517078A5000B50B57 /* Products */ = {
			isa = PBXGroup;
			children = (
				6D97134917078A5000B50B57 /* libMBProgressHUD.a */,
			);
			name = Products;
			sourceTree = "<group>";
		};
/* End PBXGroup section */

/* Begin PBXNativeTarget section */
		6D9712BA170754B900B50B57 /* Local Plays for Rdio® */ = {
			isa = PBXNativeTarget;
			buildConfigurationList = 6D9712DE170754B900B50B57 /* Build configuration list for PBXNativeTarget "Local Plays for Rdio®" */;
			buildPhases = (
				6D9712B7170754B900B50B57 /* Sources */,
				6D9712B8170754B900B50B57 /* Frameworks */,
				6D9712B9170754B900B50B57 /* Resources */,
			);
			buildRules = (
			);
			dependencies = (
			);
			name = "Local Plays for Rdio®";
			productName = "Local Plays for Rdio®";
			productReference = 6D9712BB170754B900B50B57 /* Local Plays for Rdio®.app */;
			productType = "com.apple.product-type.application";
		};
/* End PBXNativeTarget section */

/* Begin PBXProject section */
		6D9712B3170754B900B50B57 /* Project object */ = {
			isa = PBXProject;
			attributes = {
				LastUpgradeCheck = 0460;
				ORGANIZATIONNAME = Parse;
			};
			buildConfigurationList = 6D9712B6170754B900B50B57 /* Build configuration list for PBXProject "Local Plays for Rdio®" */;
			compatibilityVersion = "Xcode 3.2";
			developmentRegion = English;
			hasScannedForEncodings = 0;
			knownRegions = (
				en,
			);
			mainGroup = 6D9712B2170754B900B50B57;
			productRefGroup = 6D9712BC170754B900B50B57 /* Products */;
			projectDirPath = "";
			projectReferences = (
				{
					ProductGroup = 6D97134517078A5000B50B57 /* Products */;
					ProjectRef = 6D97134417078A5000B50B57 /* MBProgressHUD.xcodeproj */;
				},
			);
			projectRoot = "";
			targets = (
				6D9712BA170754B900B50B57 /* Local Plays for Rdio® */,
			);
		};
/* End PBXProject section */

/* Begin PBXReferenceProxy section */
		6D97134917078A5000B50B57 /* libMBProgressHUD.a */ = {
			isa = PBXReferenceProxy;
			fileType = archive.ar;
			path = libMBProgressHUD.a;
			remoteRef = 6D97134817078A5000B50B57 /* PBXContainerItemProxy */;
			sourceTree = BUILT_PRODUCTS_DIR;
		};
/* End PBXReferenceProxy section */

/* Begin PBXResourcesBuildPhase section */
		6D9712B9170754B900B50B57 /* Resources */ = {
			isa = PBXResourcesBuildPhase;
			buildActionMask = 2147483647;
			files = (
				6D9712C9170754B900B50B57 /* InfoPlist.strings in Resources */,
				6D9712D8170754B900B50B57 /* MainStoryboard.storyboard in Resources */,
				6D97130217075A2100B50B57 /* Default.png in Resources */,
				6D97130417075A2300B50B57 /* Default@2x.png in Resources */,
				6D97130617075A2900B50B57 /* Default-568h@2x.png in Resources */,
				6D97130A17075A4A00B50B57 /* launchBackground.png in Resources */,
				6D97130B17075A4A00B50B57 /* launchBackground@2x.png in Resources */,
				6D97130E17075A5500B50B57 /* loginButton.png in Resources */,
				6D97130F17075A5500B50B57 /* loginButton@2x.png in Resources */,
				6D9713171707671A00B50B57 /* headerBackground.png in Resources */,
				6D9713181707671A00B50B57 /* headerBackground@2x.png in Resources */,
				6D9713191707671A00B50B57 /* searchButton.png in Resources */,
				6D97131A1707671A00B50B57 /* searchButton@2x.png in Resources */,
				6D97134D17078C3300B50B57 /* resultsHeader.png in Resources */,
				6D97134E17078C3300B50B57 /* resultsHeader@2x.png in Resources */,
				6D9713511707A25800B50B57 /* cellBg.png in Resources */,
				6D9713521707A25800B50B57 /* cellBg@2x.png in Resources */,
				6D9713541707A67C00B50B57 /* icon.png in Resources */,
				6D9713561707A67F00B50B57 /* icon@2x.png in Resources */,
			);
			runOnlyForDeploymentPostprocessing = 0;
		};
/* End PBXResourcesBuildPhase section */

/* Begin PBXSourcesBuildPhase section */
		6D9712B7170754B900B50B57 /* Sources */ = {
			isa = PBXSourcesBuildPhase;
			buildActionMask = 2147483647;
			files = (
				6D9712CB170754B900B50B57 /* main.m in Sources */,
				6D9712CF170754B900B50B57 /* AppDelegate.m in Sources */,
				6D9712DB170754B900B50B57 /* ViewController.m in Sources */,
				6D97131217075DFA00B50B57 /* LocalPlaysTableViewController.m in Sources */,
				6D97131D17076AB600B50B57 /* RdioSearchResultsTableViewController.m in Sources */,
				6D9713341707801000B50B57 /* MKAnnotationView+WebCache.m in Sources */,
				6D9713351707801000B50B57 /* SDImageCache.m in Sources */,
				6D9713361707801000B50B57 /* SDWebImageCompat.m in Sources */,
				6D9713371707801000B50B57 /* SDWebImageDecoder.m in Sources */,
				6D9713381707801000B50B57 /* SDWebImageDownloader.m in Sources */,
				6D9713391707801000B50B57 /* SDWebImageDownloaderOperation.m in Sources */,
				6D97133A1707801000B50B57 /* SDWebImageManager.m in Sources */,
				6D97133B1707801000B50B57 /* SDWebImagePrefetcher.m in Sources */,
				6D97133C1707801000B50B57 /* UIButton+WebCache.m in Sources */,
				6D97133D1707801000B50B57 /* UIImageView+WebCache.m in Sources */,
			);
			runOnlyForDeploymentPostprocessing = 0;
		};
/* End PBXSourcesBuildPhase section */

/* Begin PBXVariantGroup section */
		6D9712C7170754B900B50B57 /* InfoPlist.strings */ = {
			isa = PBXVariantGroup;
			children = (
				6D9712C8170754B900B50B57 /* en */,
			);
			name = InfoPlist.strings;
			sourceTree = "<group>";
		};
		6D9712D6170754B900B50B57 /* MainStoryboard.storyboard */ = {
			isa = PBXVariantGroup;
			children = (
				6D9712D7170754B900B50B57 /* en */,
			);
			name = MainStoryboard.storyboard;
			sourceTree = "<group>";
		};
/* End PBXVariantGroup section */

/* Begin XCBuildConfiguration section */
		6D9712DC170754B900B50B57 /* Debug */ = {
			isa = XCBuildConfiguration;
			buildSettings = {
				ALWAYS_SEARCH_USER_PATHS = NO;
				CLANG_CXX_LANGUAGE_STANDARD = "gnu++0x";
				CLANG_CXX_LIBRARY = "libc++";
				CLANG_ENABLE_OBJC_ARC = YES;
				CLANG_WARN_CONSTANT_CONVERSION = YES;
				CLANG_WARN_EMPTY_BODY = YES;
				CLANG_WARN_ENUM_CONVERSION = YES;
				CLANG_WARN_INT_CONVERSION = YES;
				CLANG_WARN__DUPLICATE_METHOD_MATCH = YES;
				"CODE_SIGN_IDENTITY[sdk=iphoneos*]" = "iPhone Developer";
				COPY_PHASE_STRIP = NO;
				GCC_C_LANGUAGE_STANDARD = gnu99;
				GCC_DYNAMIC_NO_PIC = NO;
				GCC_OPTIMIZATION_LEVEL = 0;
				GCC_PREPROCESSOR_DEFINITIONS = (
					"DEBUG=1",
					"$(inherited)",
				);
				GCC_SYMBOLS_PRIVATE_EXTERN = NO;
				GCC_WARN_ABOUT_RETURN_TYPE = YES;
				GCC_WARN_UNINITIALIZED_AUTOS = YES;
				GCC_WARN_UNUSED_VARIABLE = YES;
				IPHONEOS_DEPLOYMENT_TARGET = 6.1;
				ONLY_ACTIVE_ARCH = YES;
				"OTHER_LDFLAGS[arch=*]" = "-all_load";
				SDKROOT = iphoneos;
			};
			name = Debug;
		};
		6D9712DD170754B900B50B57 /* Release */ = {
			isa = XCBuildConfiguration;
			buildSettings = {
				ALWAYS_SEARCH_USER_PATHS = NO;
				CLANG_CXX_LANGUAGE_STANDARD = "gnu++0x";
				CLANG_CXX_LIBRARY = "libc++";
				CLANG_ENABLE_OBJC_ARC = YES;
				CLANG_WARN_CONSTANT_CONVERSION = YES;
				CLANG_WARN_EMPTY_BODY = YES;
				CLANG_WARN_ENUM_CONVERSION = YES;
				CLANG_WARN_INT_CONVERSION = YES;
				CLANG_WARN__DUPLICATE_METHOD_MATCH = YES;
				"CODE_SIGN_IDENTITY[sdk=iphoneos*]" = "iPhone Developer";
				COPY_PHASE_STRIP = YES;
				GCC_C_LANGUAGE_STANDARD = gnu99;
				GCC_WARN_ABOUT_RETURN_TYPE = YES;
				GCC_WARN_UNINITIALIZED_AUTOS = YES;
				GCC_WARN_UNUSED_VARIABLE = YES;
				IPHONEOS_DEPLOYMENT_TARGET = 6.1;
				OTHER_CFLAGS = "-DNS_BLOCK_ASSERTIONS=1";
				"OTHER_LDFLAGS[arch=*]" = "-all_load";
				SDKROOT = iphoneos;
				VALIDATE_PRODUCT = YES;
			};
			name = Release;
		};
		6D9712DF170754B900B50B57 /* Debug */ = {
			isa = XCBuildConfiguration;
			buildSettings = {
				FRAMEWORK_SEARCH_PATHS = (
					"$(inherited)",
					"\"$(SRCROOT)\"",
				);
				GCC_PRECOMPILE_PREFIX_HEADER = YES;
				GCC_PREFIX_HEADER = "Local Plays for Rdio®/Local Plays for Rdio®-Prefix.pch";
				INFOPLIST_FILE = "Local Plays for Rdio®/Local Plays for Rdio®-Info.plist";
				PRODUCT_NAME = "$(TARGET_NAME)";
				WRAPPER_EXTENSION = app;
			};
			name = Debug;
		};
		6D9712E0170754B900B50B57 /* Release */ = {
			isa = XCBuildConfiguration;
			buildSettings = {
				FRAMEWORK_SEARCH_PATHS = (
					"$(inherited)",
					"\"$(SRCROOT)\"",
				);
				GCC_PRECOMPILE_PREFIX_HEADER = YES;
				GCC_PREFIX_HEADER = "Local Plays for Rdio®/Local Plays for Rdio®-Prefix.pch";
				INFOPLIST_FILE = "Local Plays for Rdio®/Local Plays for Rdio®-Info.plist";
				PRODUCT_NAME = "$(TARGET_NAME)";
				WRAPPER_EXTENSION = app;
			};
			name = Release;
		};
/* End XCBuildConfiguration section */

/* Begin XCConfigurationList section */
		6D9712B6170754B900B50B57 /* Build configuration list for PBXProject "Local Plays for Rdio®" */ = {
			isa = XCConfigurationList;
			buildConfigurations = (
				6D9712DC170754B900B50B57 /* Debug */,
				6D9712DD170754B900B50B57 /* Release */,
			);
			defaultConfigurationIsVisible = 0;
			defaultConfigurationName = Release;
		};
		6D9712DE170754B900B50B57 /* Build configuration list for PBXNativeTarget "Local Plays for Rdio®" */ = {
			isa = XCConfigurationList;
			buildConfigurations = (
				6D9712DF170754B900B50B57 /* Debug */,
				6D9712E0170754B900B50B57 /* Release */,
			);
			defaultConfigurationIsVisible = 0;
		};
/* End XCConfigurationList section */
	};
	rootObject = 6D9712B3170754B900B50B57 /* Project object */;
}
